// !$*UTF8*$!
{
	archiveVersion = 1;
	classes = {
	};
	objectVersion = 50;
	objects = {

/* Begin PBXBuildFile section */
		847CC73226C2B14500A867ED /* AppDelegate.swift in Sources */ = {isa = PBXBuildFile; fileRef = 847CC73126C2B14500A867ED /* AppDelegate.swift */; };
		847CC73426C2B14500A867ED /* SceneDelegate.swift in Sources */ = {isa = PBXBuildFile; fileRef = 847CC73326C2B14500A867ED /* SceneDelegate.swift */; };
		847CC73626C2B14500A867ED /* ContentView.swift in Sources */ = {isa = PBXBuildFile; fileRef = 847CC73526C2B14500A867ED /* ContentView.swift */; };
		847CC73826C2B14500A867ED /* Assets.xcassets in Resources */ = {isa = PBXBuildFile; fileRef = 847CC73726C2B14500A867ED /* Assets.xcassets */; };
		847CC73B26C2B14500A867ED /* Preview Assets.xcassets in Resources */ = {isa = PBXBuildFile; fileRef = 847CC73A26C2B14500A867ED /* Preview Assets.xcassets */; };
		847CC73E26C2B14500A867ED /* LaunchScreen.storyboard in Resources */ = {isa = PBXBuildFile; fileRef = 847CC73C26C2B14500A867ED /* LaunchScreen.storyboard */; };
		847CC74A26C2BA1500A867ED /* MainTabVC.swift in Sources */ = {isa = PBXBuildFile; fileRef = 847CC74926C2BA1500A867ED /* MainTabVC.swift */; };
		847CC74C26C2BA4400A867ED /* CameraVC.swift in Sources */ = {isa = PBXBuildFile; fileRef = 847CC74B26C2BA4300A867ED /* CameraVC.swift */; };
		847CC74E26C2BA6300A867ED /* VegetableCollectionVC.swift in Sources */ = {isa = PBXBuildFile; fileRef = 847CC74D26C2BA6300A867ED /* VegetableCollectionVC.swift */; };
		847CC75026C2BBF200A867ED /* Extensions.swift in Sources */ = {isa = PBXBuildFile; fileRef = 847CC74F26C2BBF200A867ED /* Extensions.swift */; };
/* End PBXBuildFile section */

/* Begin PBXFileReference section */
		847CC72E26C2B14500A867ED /* Foodle.app */ = {isa = PBXFileReference; explicitFileType = wrapper.application; includeInIndex = 0; path = Foodle.app; sourceTree = BUILT_PRODUCTS_DIR; };
		847CC73126C2B14500A867ED /* AppDelegate.swift */ = {isa = PBXFileReference; lastKnownFileType = sourcecode.swift; path = AppDelegate.swift; sourceTree = "<group>"; };
		847CC73326C2B14500A867ED /* SceneDelegate.swift */ = {isa = PBXFileReference; lastKnownFileType = sourcecode.swift; path = SceneDelegate.swift; sourceTree = "<group>"; };
		847CC73526C2B14500A867ED /* ContentView.swift */ = {isa = PBXFileReference; lastKnownFileType = sourcecode.swift; path = ContentView.swift; sourceTree = "<group>"; };
		847CC73726C2B14500A867ED /* Assets.xcassets */ = {isa = PBXFileReference; lastKnownFileType = folder.assetcatalog; path = Assets.xcassets; sourceTree = "<group>"; };
		847CC73A26C2B14500A867ED /* Preview Assets.xcassets */ = {isa = PBXFileReference; lastKnownFileType = folder.assetcatalog; path = "Preview Assets.xcassets"; sourceTree = "<group>"; };
		847CC73D26C2B14500A867ED /* Base */ = {isa = PBXFileReference; lastKnownFileType = file.storyboard; name = Base; path = Base.lproj/LaunchScreen.storyboard; sourceTree = "<group>"; };
		847CC73F26C2B14500A867ED /* Info.plist */ = {isa = PBXFileReference; lastKnownFileType = text.plist.xml; path = Info.plist; sourceTree = "<group>"; };
		847CC74926C2BA1500A867ED /* MainTabVC.swift */ = {isa = PBXFileReference; lastKnownFileType = sourcecode.swift; path = MainTabVC.swift; sourceTree = "<group>"; };
		847CC74B26C2BA4300A867ED /* CameraVC.swift */ = {isa = PBXFileReference; lastKnownFileType = sourcecode.swift; path = CameraVC.swift; sourceTree = "<group>"; };
		847CC74D26C2BA6300A867ED /* VegetableCollectionVC.swift */ = {isa = PBXFileReference; lastKnownFileType = sourcecode.swift; path = VegetableCollectionVC.swift; sourceTree = "<group>"; };
		847CC74F26C2BBF200A867ED /* Extensions.swift */ = {isa = PBXFileReference; lastKnownFileType = sourcecode.swift; path = Extensions.swift; sourceTree = "<group>"; };
/* End PBXFileReference section */

/* Begin PBXFrameworksBuildPhase section */
		847CC72B26C2B14500A867ED /* Frameworks */ = {
			isa = PBXFrameworksBuildPhase;
			buildActionMask = 2147483647;
			files = (
			);
			runOnlyForDeploymentPostprocessing = 0;
		};
/* End PBXFrameworksBuildPhase section */

/* Begin PBXGroup section */
		847CC72526C2B14500A867ED = {
			isa = PBXGroup;
			children = (
				847CC73026C2B14500A867ED /* Foodle */,
				847CC72F26C2B14500A867ED /* Products */,
			);
			sourceTree = "<group>";
		};
		847CC72F26C2B14500A867ED /* Products */ = {
			isa = PBXGroup;
			children = (
				847CC72E26C2B14500A867ED /* Foodle.app */,
			);
			name = Products;
			sourceTree = "<group>";
		};
		847CC73026C2B14500A867ED /* Foodle */ = {
			isa = PBXGroup;
			children = (
				847CC74526C2B7F000A867ED /* Model */,
				847CC74626C2B7FA00A867ED /* View */,
				847CC74726C2B80000A867ED /* Controller */,
				847CC74826C2B80B00A867ED /* Utils */,
				847CC73126C2B14500A867ED /* AppDelegate.swift */,
				847CC73326C2B14500A867ED /* SceneDelegate.swift */,
				847CC73526C2B14500A867ED /* ContentView.swift */,
				847CC73726C2B14500A867ED /* Assets.xcassets */,
				847CC73C26C2B14500A867ED /* LaunchScreen.storyboard */,
				847CC73F26C2B14500A867ED /* Info.plist */,
				847CC73926C2B14500A867ED /* Preview Content */,
			);
			path = Foodle;
			sourceTree = "<group>";
		};
		847CC73926C2B14500A867ED /* Preview Content */ = {
			isa = PBXGroup;
			children = (
				847CC73A26C2B14500A867ED /* Preview Assets.xcassets */,
			);
			path = "Preview Content";
			sourceTree = "<group>";
		};
		847CC74526C2B7F000A867ED /* Model */ = {
			isa = PBXGroup;
			children = (
			);
			path = Model;
			sourceTree = "<group>";
		};
		847CC74626C2B7FA00A867ED /* View */ = {
			isa = PBXGroup;
			children = (
			);
			path = View;
			sourceTree = "<group>";
		};
		847CC74726C2B80000A867ED /* Controller */ = {
			isa = PBXGroup;
			children = (
				847CC74926C2BA1500A867ED /* MainTabVC.swift */,
				847CC74D26C2BA6300A867ED /* VegetableCollectionVC.swift */,
				847CC74B26C2BA4300A867ED /* CameraVC.swift */,
			);
			path = Controller;
			sourceTree = "<group>";
		};
		847CC74826C2B80B00A867ED /* Utils */ = {
			isa = PBXGroup;
			children = (
				847CC74F26C2BBF200A867ED /* Extensions.swift */,
			);
			path = Utils;
			sourceTree = "<group>";
		};
/* End PBXGroup section */

/* Begin PBXNativeTarget section */
		847CC72D26C2B14500A867ED /* Foodle */ = {
			isa = PBXNativeTarget;
			buildConfigurationList = 847CC74226C2B14500A867ED /* Build configuration list for PBXNativeTarget "Foodle" */;
			buildPhases = (
				847CC72A26C2B14500A867ED /* Sources */,
				847CC72B26C2B14500A867ED /* Frameworks */,
				847CC72C26C2B14500A867ED /* Resources */,
			);
			buildRules = (
			);
			dependencies = (
			);
			name = Foodle;
			productName = Foodle;
			productReference = 847CC72E26C2B14500A867ED /* Foodle.app */;
			productType = "com.apple.product-type.application";
		};
/* End PBXNativeTarget section */

/* Begin PBXProject section */
		847CC72626C2B14500A867ED /* Project object */ = {
			isa = PBXProject;
			attributes = {
				LastSwiftUpdateCheck = 1250;
				LastUpgradeCheck = 1250;
				TargetAttributes = {
					847CC72D26C2B14500A867ED = {
						CreatedOnToolsVersion = 12.5.1;
					};
				};
			};
			buildConfigurationList = 847CC72926C2B14500A867ED /* Build configuration list for PBXProject "Foodle" */;
			compatibilityVersion = "Xcode 9.3";
			developmentRegion = en;
			hasScannedForEncodings = 0;
			knownRegions = (
				en,
				Base,
			);
			mainGroup = 847CC72526C2B14500A867ED;
			productRefGroup = 847CC72F26C2B14500A867ED /* Products */;
			projectDirPath = "";
			projectRoot = "";
			targets = (
				847CC72D26C2B14500A867ED /* Foodle */,
			);
		};
/* End PBXProject section */

/* Begin PBXResourcesBuildPhase section */
		847CC72C26C2B14500A867ED /* Resources */ = {
			isa = PBXResourcesBuildPhase;
			buildActionMask = 2147483647;
			files = (
				847CC73E26C2B14500A867ED /* LaunchScreen.storyboard in Resources */,
				847CC73B26C2B14500A867ED /* Preview Assets.xcassets in Resources */,
				847CC73826C2B14500A867ED /* Assets.xcassets in Resources */,
			);
			runOnlyForDeploymentPostprocessing = 0;
		};
/* End PBXResourcesBuildPhase section */

/* Begin PBXSourcesBuildPhase section */
		847CC72A26C2B14500A867ED /* Sources */ = {
			isa = PBXSourcesBuildPhase;
			buildActionMask = 2147483647;
			files = (
				847CC73226C2B14500A867ED /* AppDelegate.swift in Sources */,
				847CC73426C2B14500A867ED /* SceneDelegate.swift in Sources */,
				847CC74E26C2BA6300A867ED /* VegetableCollectionVC.swift in Sources */,
				847CC74C26C2BA4400A867ED /* CameraVC.swift in Sources */,
				847CC73626C2B14500A867ED /* ContentView.swift in Sources */,
				847CC74A26C2BA1500A867ED /* MainTabVC.swift in Sources */,
				847CC75026C2BBF200A867ED /* Extensions.swift in Sources */,
			);
			runOnlyForDeploymentPostprocessing = 0;
		};
/* End PBXSourcesBuildPhase section */

/* Begin PBXVariantGroup section */
		847CC73C26C2B14500A867ED /* LaunchScreen.storyboard */ = {
			isa = PBXVariantGroup;
			children = (
				847CC73D26C2B14500A867ED /* Base */,
			);
			name = LaunchScreen.storyboard;
			sourceTree = "<group>";
		};
/* End PBXVariantGroup section */

/* Begin XCBuildConfiguration section */
		847CC74026C2B14500A867ED /* Debug */ = {
			isa = XCBuildConfiguration;
			buildSettings = {
				ALWAYS_SEARCH_USER_PATHS = NO;
				CLANG_ANALYZER_NONNULL = YES;
				CLANG_ANALYZER_NUMBER_OBJECT_CONVERSION = YES_AGGRESSIVE;
				CLANG_CXX_LANGUAGE_STANDARD = "gnu++14";
				CLANG_CXX_LIBRARY = "libc++";
				CLANG_ENABLE_MODULES = YES;
				CLANG_ENABLE_OBJC_ARC = YES;
				CLANG_ENABLE_OBJC_WEAK = YES;
				CLANG_WARN_BLOCK_CAPTURE_AUTORELEASING = YES;
				CLANG_WARN_BOOL_CONVERSION = YES;
				CLANG_WARN_COMMA = YES;
				CLANG_WARN_CONSTANT_CONVERSION = YES;
				CLANG_WARN_DEPRECATED_OBJC_IMPLEMENTATIONS = YES;
				CLANG_WARN_DIRECT_OBJC_ISA_USAGE = YES_ERROR;
				CLANG_WARN_DOCUMENTATION_COMMENTS = YES;
				CLANG_WARN_EMPTY_BODY = YES;
				CLANG_WARN_ENUM_CONVERSION = YES;
				CLANG_WARN_INFINITE_RECURSION = YES;
				CLANG_WARN_INT_CONVERSION = YES;
				CLANG_WARN_NON_LITERAL_NULL_CONVERSION = YES;
				CLANG_WARN_OBJC_IMPLICIT_RETAIN_SELF = YES;
				CLANG_WARN_OBJC_LITERAL_CONVERSION = YES;
				CLANG_WARN_OBJC_ROOT_CLASS = YES_ERROR;
				CLANG_WARN_QUOTED_INCLUDE_IN_FRAMEWORK_HEADER = YES;
				CLANG_WARN_RANGE_LOOP_ANALYSIS = YES;
				CLANG_WARN_STRICT_PROTOTYPES = YES;
				CLANG_WARN_SUSPICIOUS_MOVE = YES;
				CLANG_WARN_UNGUARDED_AVAILABILITY = YES_AGGRESSIVE;
				CLANG_WARN_UNREACHABLE_CODE = YES;
				CLANG_WARN__DUPLICATE_METHOD_MATCH = YES;
				COPY_PHASE_STRIP = NO;
				DEBUG_INFORMATION_FORMAT = dwarf;
				ENABLE_STRICT_OBJC_MSGSEND = YES;
				ENABLE_TESTABILITY = YES;
				GCC_C_LANGUAGE_STANDARD = gnu11;
				GCC_DYNAMIC_NO_PIC = NO;
				GCC_NO_COMMON_BLOCKS = YES;
				GCC_OPTIMIZATION_LEVEL = 0;
				GCC_PREPROCESSOR_DEFINITIONS = (
					"DEBUG=1",
					"$(inherited)",
				);
				GCC_WARN_64_TO_32_BIT_CONVERSION = YES;
				GCC_WARN_ABOUT_RETURN_TYPE = YES_ERROR;
				GCC_WARN_UNDECLARED_SELECTOR = YES;
				GCC_WARN_UNINITIALIZED_AUTOS = YES_AGGRESSIVE;
				GCC_WARN_UNUSED_FUNCTION = YES;
				GCC_WARN_UNUSED_VARIABLE = YES;
				IPHONEOS_DEPLOYMENT_TARGET = 14.5;
				MTL_ENABLE_DEBUG_INFO = INCLUDE_SOURCE;
				MTL_FAST_MATH = YES;
				ONLY_ACTIVE_ARCH = YES;
				SDKROOT = iphoneos;
				SWIFT_ACTIVE_COMPILATION_CONDITIONS = DEBUG;
				SWIFT_OPTIMIZATION_LEVEL = "-Onone";
			};
			name = Debug;
		};
		847CC74126C2B14500A867ED /* Release */ = {
			isa = XCBuildConfiguration;
			buildSettings = {
				ALWAYS_SEARCH_USER_PATHS = NO;
				CLANG_ANALYZER_NONNULL = YES;
				CLANG_ANALYZER_NUMBER_OBJECT_CONVERSION = YES_AGGRESSIVE;
				CLANG_CXX_LANGUAGE_STANDARD = "gnu++14";
				CLANG_CXX_LIBRARY = "libc++";
				CLANG_ENABLE_MODULES = YES;
				CLANG_ENABLE_OBJC_ARC = YES;
				CLANG_ENABLE_OBJC_WEAK = YES;
				CLANG_WARN_BLOCK_CAPTURE_AUTORELEASING = YES;
				CLANG_WARN_BOOL_CONVERSION = YES;
				CLANG_WARN_COMMA = YES;
				CLANG_WARN_CONSTANT_CONVERSION = YES;
				CLANG_WARN_DEPRECATED_OBJC_IMPLEMENTATIONS = YES;
				CLANG_WARN_DIRECT_OBJC_ISA_USAGE = YES_ERROR;
				CLANG_WARN_DOCUMENTATION_COMMENTS = YES;
				CLANG_WARN_EMPTY_BODY = YES;
				CLANG_WARN_ENUM_CONVERSION = YES;
				CLANG_WARN_INFINITE_RECURSION = YES;
				CLANG_WARN_INT_CONVERSION = YES;
				CLANG_WARN_NON_LITERAL_NULL_CONVERSION = YES;
				CLANG_WARN_OBJC_IMPLICIT_RETAIN_SELF = YES;
				CLANG_WARN_OBJC_LITERAL_CONVERSION = YES;
				CLANG_WARN_OBJC_ROOT_CLASS = YES_ERROR;
				CLANG_WARN_QUOTED_INCLUDE_IN_FRAMEWORK_HEADER = YES;
				CLANG_WARN_RANGE_LOOP_ANALYSIS = YES;
				CLANG_WARN_STRICT_PROTOTYPES = YES;
				CLANG_WARN_SUSPICIOUS_MOVE = YES;
				CLANG_WARN_UNGUARDED_AVAILABILITY = YES_AGGRESSIVE;
				CLANG_WARN_UNREACHABLE_CODE = YES;
				CLANG_WARN__DUPLICATE_METHOD_MATCH = YES;
				COPY_PHASE_STRIP = NO;
				DEBUG_INFORMATION_FORMAT = "dwarf-with-dsym";
				ENABLE_NS_ASSERTIONS = NO;
				ENABLE_STRICT_OBJC_MSGSEND = YES;
				GCC_C_LANGUAGE_STANDARD = gnu11;
				GCC_NO_COMMON_BLOCKS = YES;
				GCC_WARN_64_TO_32_BIT_CONVERSION = YES;
				GCC_WARN_ABOUT_RETURN_TYPE = YES_ERROR;
				GCC_WARN_UNDECLARED_SELECTOR = YES;
				GCC_WARN_UNINITIALIZED_AUTOS = YES_AGGRESSIVE;
				GCC_WARN_UNUSED_FUNCTION = YES;
				GCC_WARN_UNUSED_VARIABLE = YES;
				IPHONEOS_DEPLOYMENT_TARGET = 14.5;
				MTL_ENABLE_DEBUG_INFO = NO;
				MTL_FAST_MATH = YES;
				SDKROOT = iphoneos;
				SWIFT_COMPILATION_MODE = wholemodule;
				SWIFT_OPTIMIZATION_LEVEL = "-O";
				VALIDATE_PRODUCT = YES;
			};
			name = Release;
		};
		847CC74326C2B14500A867ED /* Debug */ = {
			isa = XCBuildConfiguration;
			buildSettings = {
				ASSETCATALOG_COMPILER_APPICON_NAME = AppIcon;
				ASSETCATALOG_COMPILER_GLOBAL_ACCENT_COLOR_NAME = AccentColor;
				CODE_SIGN_STYLE = Automatic;
				DEVELOPMENT_ASSET_PATHS = "\"Foodle/Preview Content\"";
				DEVELOPMENT_TEAM = XXB3YP77W4;
				ENABLE_PREVIEWS = YES;
				INFOPLIST_FILE = Foodle/Info.plist;
				LD_RUNPATH_SEARCH_PATHS = (
					"$(inherited)",
					"@executable_path/Frameworks",
				);
				PRODUCT_BUNDLE_IDENTIFIER = com.garpix.Foodle;
				PRODUCT_NAME = "$(TARGET_NAME)";
				SWIFT_VERSION = 5.0;
				TARGETED_DEVICE_FAMILY = "1,2";
			};
			name = Debug;
		};
		847CC74426C2B14500A867ED /* Release */ = {
			isa = XCBuildConfiguration;
			buildSettings = {
				ASSETCATALOG_COMPILER_APPICON_NAME = AppIcon;
				ASSETCATALOG_COMPILER_GLOBAL_ACCENT_COLOR_NAME = AccentColor;
				CODE_SIGN_STYLE = Automatic;
				DEVELOPMENT_ASSET_PATHS = "\"Foodle/Preview Content\"";
				DEVELOPMENT_TEAM = XXB3YP77W4;
				ENABLE_PREVIEWS = YES;
				INFOPLIST_FILE = Foodle/Info.plist;
				LD_RUNPATH_SEARCH_PATHS = (
					"$(inherited)",
					"@executable_path/Frameworks",
				);
				PRODUCT_BUNDLE_IDENTIFIER = com.garpix.Foodle;
				PRODUCT_NAME = "$(TARGET_NAME)";
				SWIFT_VERSION = 5.0;
				TARGETED_DEVICE_FAMILY = "1,2";
			};
			name = Release;
		};
/* End XCBuildConfiguration section */

/* Begin XCConfigurationList section */
		847CC72926C2B14500A867ED /* Build configuration list for PBXProject "Foodle" */ = {
			isa = XCConfigurationList;
			buildConfigurations = (
				847CC74026C2B14500A867ED /* Debug */,
				847CC74126C2B14500A867ED /* Release */,
			);
			defaultConfigurationIsVisible = 0;
			defaultConfigurationName = Release;
		};
		847CC74226C2B14500A867ED /* Build configuration list for PBXNativeTarget "Foodle" */ = {
			isa = XCConfigurationList;
			buildConfigurations = (
				847CC74326C2B14500A867ED /* Debug */,
				847CC74426C2B14500A867ED /* Release */,
			);
			defaultConfigurationIsVisible = 0;
			defaultConfigurationName = Release;
		};
/* End XCConfigurationList section */
	};
	rootObject = 847CC72626C2B14500A867ED /* Project object */;
}
